// !$*UTF8*$!
{
	archiveVersion = 1;
	classes = {
	};
	objectVersion = 46;
	objects = {

/* Begin PBXBuildFile section */
		115EC4451E9B3824005CD3B8 /* 1.jpg in Resources */ = {isa = PBXBuildFile; fileRef = 115EC4441E9B3824005CD3B8 /* 1.jpg */; };
		115EC4471E9B5303005CD3B8 /* Placeholder.jpg in Resources */ = {isa = PBXBuildFile; fileRef = 115EC4461E9B5303005CD3B8 /* Placeholder.jpg */; };
		11C941D11E978508005C6A7B /* main.m in Sources */ = {isa = PBXBuildFile; fileRef = 11C941D01E978508005C6A7B /* main.m */; };
		11C941D41E978508005C6A7B /* AppDelegate.m in Sources */ = {isa = PBXBuildFile; fileRef = 11C941D31E978508005C6A7B /* AppDelegate.m */; };
		11C941D71E978508005C6A7B /* ViewController.m in Sources */ = {isa = PBXBuildFile; fileRef = 11C941D61E978508005C6A7B /* ViewController.m */; };
		11C941DA1E978508005C6A7B /* Main.storyboard in Resources */ = {isa = PBXBuildFile; fileRef = 11C941D81E978508005C6A7B /* Main.storyboard */; };
		11C941DC1E978508005C6A7B /* Assets.xcassets in Resources */ = {isa = PBXBuildFile; fileRef = 11C941DB1E978508005C6A7B /* Assets.xcassets */; };
		11C941DF1E978508005C6A7B /* LaunchScreen.storyboard in Resources */ = {isa = PBXBuildFile; fileRef = 11C941DD1E978508005C6A7B /* LaunchScreen.storyboard */; };
		11C941EA1E978508005C6A7B /* YBCircleScrollViewTests.m in Sources */ = {isa = PBXBuildFile; fileRef = 11C941E91E978508005C6A7B /* YBCircleScrollViewTests.m */; };
		11C941F51E978508005C6A7B /* YBCircleScrollViewUITests.m in Sources */ = {isa = PBXBuildFile; fileRef = 11C941F41E978508005C6A7B /* YBCircleScrollViewUITests.m */; };
		11C942051E97858F005C6A7B /* YBCircleScrollView.m in Sources */ = {isa = PBXBuildFile; fileRef = 11C942041E97858F005C6A7B /* YBCircleScrollView.m */; };
/* End PBXBuildFile section */

/* Begin PBXContainerItemProxy section */
		11C941E61E978508005C6A7B /* PBXContainerItemProxy */ = {
			isa = PBXContainerItemProxy;
			containerPortal = 11C941C41E978508005C6A7B /* Project object */;
			proxyType = 1;
			remoteGlobalIDString = 11C941CB1E978508005C6A7B;
			remoteInfo = YBCircleScrollView;
		};
		11C941F11E978508005C6A7B /* PBXContainerItemProxy */ = {
			isa = PBXContainerItemProxy;
			containerPortal = 11C941C41E978508005C6A7B /* Project object */;
			proxyType = 1;
			remoteGlobalIDString = 11C941CB1E978508005C6A7B;
			remoteInfo = YBCircleScrollView;
		};
/* End PBXContainerItemProxy section */

/* Begin PBXFileReference section */
		115EC4441E9B3824005CD3B8 /* 1.jpg */ = {isa = PBXFileReference; lastKnownFileType = image.jpeg; path = 1.jpg; sourceTree = "<group>"; };
		115EC4461E9B5303005CD3B8 /* Placeholder.jpg */ = {isa = PBXFileReference; lastKnownFileType = image.jpeg; path = Placeholder.jpg; sourceTree = "<group>"; };
		11C941CC1E978508005C6A7B /* YBCircleScrollView.app */ = {isa = PBXFileReference; explicitFileType = wrapper.application; includeInIndex = 0; path = YBCircleScrollView.app; sourceTree = BUILT_PRODUCTS_DIR; };
		11C941D01E978508005C6A7B /* main.m */ = {isa = PBXFileReference; lastKnownFileType = sourcecode.c.objc; path = main.m; sourceTree = "<group>"; };
		11C941D21E978508005C6A7B /* AppDelegate.h */ = {isa = PBXFileReference; lastKnownFileType = sourcecode.c.h; path = AppDelegate.h; sourceTree = "<group>"; };
		11C941D31E978508005C6A7B /* AppDelegate.m */ = {isa = PBXFileReference; lastKnownFileType = sourcecode.c.objc; path = AppDelegate.m; sourceTree = "<group>"; };
		11C941D51E978508005C6A7B /* ViewController.h */ = {isa = PBXFileReference; lastKnownFileType = sourcecode.c.h; path = ViewController.h; sourceTree = "<group>"; };
		11C941D61E978508005C6A7B /* ViewController.m */ = {isa = PBXFileReference; lastKnownFileType = sourcecode.c.objc; path = ViewController.m; sourceTree = "<group>"; };
		11C941D91E978508005C6A7B /* Base */ = {isa = PBXFileReference; lastKnownFileType = file.storyboard; name = Base; path = Base.lproj/Main.storyboard; sourceTree = "<group>"; };
		11C941DB1E978508005C6A7B /* Assets.xcassets */ = {isa = PBXFileReference; lastKnownFileType = folder.assetcatalog; path = Assets.xcassets; sourceTree = "<group>"; };
		11C941DE1E978508005C6A7B /* Base */ = {isa = PBXFileReference; lastKnownFileType = file.storyboard; name = Base; path = Base.lproj/LaunchScreen.storyboard; sourceTree = "<group>"; };
		11C941E01E978508005C6A7B /* Info.plist */ = {isa = PBXFileReference; lastKnownFileType = text.plist.xml; path = Info.plist; sourceTree = "<group>"; };
		11C941E51E978508005C6A7B /* YBCircleScrollViewTests.xctest */ = {isa = PBXFileReference; explicitFileType = wrapper.cfbundle; includeInIndex = 0; path = YBCircleScrollViewTests.xctest; sourceTree = BUILT_PRODUCTS_DIR; };
		11C941E91E978508005C6A7B /* YBCircleScrollViewTests.m */ = {isa = PBXFileReference; lastKnownFileType = sourcecode.c.objc; path = YBCircleScrollViewTests.m; sourceTree = "<group>"; };
		11C941EB1E978508005C6A7B /* Info.plist */ = {isa = PBXFileReference; lastKnownFileType = text.plist.xml; path = Info.plist; sourceTree = "<group>"; };
		11C941F01E978508005C6A7B /* YBCircleScrollViewUITests.xctest */ = {isa = PBXFileReference; explicitFileType = wrapper.cfbundle; includeInIndex = 0; path = YBCircleScrollViewUITests.xctest; sourceTree = BUILT_PRODUCTS_DIR; };
		11C941F41E978508005C6A7B /* YBCircleScrollViewUITests.m */ = {isa = PBXFileReference; lastKnownFileType = sourcecode.c.objc; path = YBCircleScrollViewUITests.m; sourceTree = "<group>"; };
		11C941F61E978508005C6A7B /* Info.plist */ = {isa = PBXFileReference; lastKnownFileType = text.plist.xml; path = Info.plist; sourceTree = "<group>"; };
		11C942031E97858F005C6A7B /* YBCircleScrollView.h */ = {isa = PBXFileReference; fileEncoding = 4; lastKnownFileType = sourcecode.c.h; path = YBCircleScrollView.h; sourceTree = "<group>"; };
		11C942041E97858F005C6A7B /* YBCircleScrollView.m */ = {isa = PBXFileReference; fileEncoding = 4; lastKnownFileType = sourcecode.c.objc; path = YBCircleScrollView.m; sourceTree = "<group>"; };
/* End PBXFileReference section */

/* Begin PBXFrameworksBuildPhase section */
		11C941C91E978508005C6A7B /* Frameworks */ = {
			isa = PBXFrameworksBuildPhase;
			buildActionMask = 2147483647;
			files = (
			);
			runOnlyForDeploymentPostprocessing = 0;
		};
		11C941E21E978508005C6A7B /* Frameworks */ = {
			isa = PBXFrameworksBuildPhase;
			buildActionMask = 2147483647;
			files = (
			);
			runOnlyForDeploymentPostprocessing = 0;
		};
		11C941ED1E978508005C6A7B /* Frameworks */ = {
			isa = PBXFrameworksBuildPhase;
			buildActionMask = 2147483647;
			files = (
			);
			runOnlyForDeploymentPostprocessing = 0;
		};
/* End PBXFrameworksBuildPhase section */

/* Begin PBXGroup section */
		11C941C31E978508005C6A7B = {
			isa = PBXGroup;
			children = (
				11C941CE1E978508005C6A7B /* YBCircleScrollView */,
				11C941E81E978508005C6A7B /* YBCircleScrollViewTests */,
				11C941F31E978508005C6A7B /* YBCircleScrollViewUITests */,
				11C941CD1E978508005C6A7B /* Products */,
			);
			sourceTree = "<group>";
		};
		11C941CD1E978508005C6A7B /* Products */ = {
			isa = PBXGroup;
			children = (
				11C941CC1E978508005C6A7B /* YBCircleScrollView.app */,
				11C941E51E978508005C6A7B /* YBCircleScrollViewTests.xctest */,
				11C941F01E978508005C6A7B /* YBCircleScrollViewUITests.xctest */,
			);
			name = Products;
			sourceTree = "<group>";
		};
		11C941CE1E978508005C6A7B /* YBCircleScrollView */ = {
			isa = PBXGroup;
			children = (
				115EC4441E9B3824005CD3B8 /* 1.jpg */,
				11C942021E97855F005C6A7B /* CirlcleScrollView */,
				11C941D21E978508005C6A7B /* AppDelegate.h */,
				11C941D31E978508005C6A7B /* AppDelegate.m */,
				11C941D51E978508005C6A7B /* ViewController.h */,
				11C941D61E978508005C6A7B /* ViewController.m */,
				11C941D81E978508005C6A7B /* Main.storyboard */,
				11C941DB1E978508005C6A7B /* Assets.xcassets */,
				11C941DD1E978508005C6A7B /* LaunchScreen.storyboard */,
				11C941E01E978508005C6A7B /* Info.plist */,
				11C941CF1E978508005C6A7B /* Supporting Files */,
			);
			path = YBCircleScrollView;
			sourceTree = "<group>";
		};
		11C941CF1E978508005C6A7B /* Supporting Files */ = {
			isa = PBXGroup;
			children = (
				11C941D01E978508005C6A7B /* main.m */,
			);
			name = "Supporting Files";
			sourceTree = "<group>";
		};
		11C941E81E978508005C6A7B /* YBCircleScrollViewTests */ = {
			isa = PBXGroup;
			children = (
				11C941E91E978508005C6A7B /* YBCircleScrollViewTests.m */,
				11C941EB1E978508005C6A7B /* Info.plist */,
			);
			path = YBCircleScrollViewTests;
			sourceTree = "<group>";
		};
		11C941F31E978508005C6A7B /* YBCircleScrollViewUITests */ = {
			isa = PBXGroup;
			children = (
				11C941F41E978508005C6A7B /* YBCircleScrollViewUITests.m */,
				11C941F61E978508005C6A7B /* Info.plist */,
			);
			path = YBCircleScrollViewUITests;
			sourceTree = "<group>";
		};
		11C942021E97855F005C6A7B /* CirlcleScrollView */ = {
			isa = PBXGroup;
			children = (
				115EC4461E9B5303005CD3B8 /* Placeholder.jpg */,
				11C942031E97858F005C6A7B /* YBCircleScrollView.h */,
				11C942041E97858F005C6A7B /* YBCircleScrollView.m */,
			);
			path = CirlcleScrollView;
			sourceTree = "<group>";
		};
/* End PBXGroup section */

/* Begin PBXNativeTarget section */
		11C941CB1E978508005C6A7B /* YBCircleScrollView */ = {
			isa = PBXNativeTarget;
			buildConfigurationList = 11C941F91E978508005C6A7B /* Build configuration list for PBXNativeTarget "YBCircleScrollView" */;
			buildPhases = (
				11C941C81E978508005C6A7B /* Sources */,
				11C941C91E978508005C6A7B /* Frameworks */,
				11C941CA1E978508005C6A7B /* Resources */,
			);
			buildRules = (
			);
			dependencies = (
			);
			name = YBCircleScrollView;
			productName = YBCircleScrollView;
			productReference = 11C941CC1E978508005C6A7B /* YBCircleScrollView.app */;
			productType = "com.apple.product-type.application";
		};
		11C941E41E978508005C6A7B /* YBCircleScrollViewTests */ = {
			isa = PBXNativeTarget;
			buildConfigurationList = 11C941FC1E978508005C6A7B /* Build configuration list for PBXNativeTarget "YBCircleScrollViewTests" */;
			buildPhases = (
				11C941E11E978508005C6A7B /* Sources */,
				11C941E21E978508005C6A7B /* Frameworks */,
				11C941E31E978508005C6A7B /* Resources */,
			);
			buildRules = (
			);
			dependencies = (
				11C941E71E978508005C6A7B /* PBXTargetDependency */,
			);
			name = YBCircleScrollViewTests;
			productName = YBCircleScrollViewTests;
			productReference = 11C941E51E978508005C6A7B /* YBCircleScrollViewTests.xctest */;
			productType = "com.apple.product-type.bundle.unit-test";
		};
		11C941EF1E978508005C6A7B /* YBCircleScrollViewUITests */ = {
			isa = PBXNativeTarget;
			buildConfigurationList = 11C941FF1E978508005C6A7B /* Build configuration list for PBXNativeTarget "YBCircleScrollViewUITests" */;
			buildPhases = (
				11C941EC1E978508005C6A7B /* Sources */,
				11C941ED1E978508005C6A7B /* Frameworks */,
				11C941EE1E978508005C6A7B /* Resources */,
			);
			buildRules = (
			);
			dependencies = (
				11C941F21E978508005C6A7B /* PBXTargetDependency */,
			);
			name = YBCircleScrollViewUITests;
			productName = YBCircleScrollViewUITests;
			productReference = 11C941F01E978508005C6A7B /* YBCircleScrollViewUITests.xctest */;
			productType = "com.apple.product-type.bundle.ui-testing";
		};
/* End PBXNativeTarget section */

/* Begin PBXProject section */
		11C941C41E978508005C6A7B /* Project object */ = {
			isa = PBXProject;
			attributes = {
				LastUpgradeCheck = 0830;
				ORGANIZATIONNAME = "中天易观";
				TargetAttributes = {
					11C941CB1E978508005C6A7B = {
						CreatedOnToolsVersion = 8.3;
						DevelopmentTeam = 6VBE2N88LJ;
						ProvisioningStyle = Automatic;
					};
					11C941E41E978508005C6A7B = {
						CreatedOnToolsVersion = 8.3;
						DevelopmentTeam = 6VBE2N88LJ;
						ProvisioningStyle = Automatic;
						TestTargetID = 11C941CB1E978508005C6A7B;
					};
					11C941EF1E978508005C6A7B = {
						CreatedOnToolsVersion = 8.3;
						DevelopmentTeam = 6VBE2N88LJ;
						ProvisioningStyle = Automatic;
						TestTargetID = 11C941CB1E978508005C6A7B;
					};
				};
			};
			buildConfigurationList = 11C941C71E978508005C6A7B /* Build configuration list for PBXProject "YBCircleScrollView" */;
			compatibilityVersion = "Xcode 3.2";
			developmentRegion = English;
			hasScannedForEncodings = 0;
			knownRegions = (
				en,
				Base,
			);
			mainGroup = 11C941C31E978508005C6A7B;
			productRefGroup = 11C941CD1E978508005C6A7B /* Products */;
			projectDirPath = "";
			projectRoot = "";
			targets = (
				11C941CB1E978508005C6A7B /* YBCircleScrollView */,
				11C941E41E978508005C6A7B /* YBCircleScrollViewTests */,
				11C941EF1E978508005C6A7B /* YBCircleScrollViewUITests */,
			);
		};
/* End PBXProject section */

/* Begin PBXResourcesBuildPhase section */
		11C941CA1E978508005C6A7B /* Resources */ = {
			isa = PBXResourcesBuildPhase;
			buildActionMask = 2147483647;
			files = (
				115EC4471E9B5303005CD3B8 /* Placeholder.jpg in Resources */,
				11C941DF1E978508005C6A7B /* LaunchScreen.storyboard in Resources */,
				11C941DC1E978508005C6A7B /* Assets.xcassets in Resources */,
				11C941DA1E978508005C6A7B /* Main.storyboard in Resources */,
				115EC4451E9B3824005CD3B8 /* 1.jpg in Resources */,
			);
			runOnlyForDeploymentPostprocessing = 0;
		};
		11C941E31E978508005C6A7B /* Resources */ = {
			isa = PBXResourcesBuildPhase;
			buildActionMask = 2147483647;
			files = (
			);
			runOnlyForDeploymentPostprocessing = 0;
		};
		11C941EE1E978508005C6A7B /* Resources */ = {
			isa = PBXResourcesBuildPhase;
			buildActionMask = 2147483647;
			files = (
			);
			runOnlyForDeploymentPostprocessing = 0;
		};
/* End PBXResourcesBuildPhase section */

/* Begin PBXSourcesBuildPhase section */
		11C941C81E978508005C6A7B /* Sources */ = {
			isa = PBXSourcesBuildPhase;
			buildActionMask = 2147483647;
			files = (
				11C941D71E978508005C6A7B /* ViewController.m in Sources */,
				11C941D41E978508005C6A7B /* AppDelegate.m in Sources */,
				11C942051E97858F005C6A7B /* YBCircleScrollView.m in Sources */,
				11C941D11E978508005C6A7B /* main.m in Sources */,
			);
			runOnlyForDeploymentPostprocessing = 0;
		};
		11C941E11E978508005C6A7B /* Sources */ = {
			isa = PBXSourcesBuildPhase;
			buildActionMask = 2147483647;
			files = (
				11C941EA1E978508005C6A7B /* YBCircleScrollViewTests.m in Sources */,
			);
			runOnlyForDeploymentPostprocessing = 0;
		};
		11C941EC1E978508005C6A7B /* Sources */ = {
			isa = PBXSourcesBuildPhase;
			buildActionMask = 2147483647;
			files = (
				11C941F51E978508005C6A7B /* YBCircleScrollViewUITests.m in Sources */,
			);
			runOnlyForDeploymentPostprocessing = 0;
		};
/* End PBXSourcesBuildPhase section */

/* Begin PBXTargetDependency section */
		11C941E71E978508005C6A7B /* PBXTargetDependency */ = {
			isa = PBXTargetDependency;
			target = 11C941CB1E978508005C6A7B /* YBCircleScrollView */;
			targetProxy = 11C941E61E978508005C6A7B /* PBXContainerItemProxy */;
		};
		11C941F21E978508005C6A7B /* PBXTargetDependency */ = {
			isa = PBXTargetDependency;
			target = 11C941CB1E978508005C6A7B /* YBCircleScrollView */;
			targetProxy = 11C941F11E978508005C6A7B /* PBXContainerItemProxy */;
		};
/* End PBXTargetDependency section */

/* Begin PBXVariantGroup section */
		11C941D81E978508005C6A7B /* Main.storyboard */ = {
			isa = PBXVariantGroup;
			children = (
				11C941D91E978508005C6A7B /* Base */,
			);
			name = Main.storyboard;
			sourceTree = "<group>";
		};
		11C941DD1E978508005C6A7B /* LaunchScreen.storyboard */ = {
			isa = PBXVariantGroup;
			children = (
				11C941DE1E978508005C6A7B /* Base */,
			);
			name = LaunchScreen.storyboard;
			sourceTree = "<group>";
		};
/* End PBXVariantGroup section */

/* Begin XCBuildConfiguration section */
		11C941F71E978508005C6A7B /* Debug */ = {
			isa = XCBuildConfiguration;
			buildSettings = {
				ALWAYS_SEARCH_USER_PATHS = NO;
				CLANG_ANALYZER_NONNULL = YES;
				CLANG_ANALYZER_NUMBER_OBJECT_CONVERSION = YES_AGGRESSIVE;
				CLANG_CXX_LANGUAGE_STANDARD = "gnu++0x";
				CLANG_CXX_LIBRARY = "libc++";
				CLANG_ENABLE_MODULES = YES;
				CLANG_ENABLE_OBJC_ARC = YES;
				CLANG_WARN_BOOL_CONVERSION = YES;
				CLANG_WARN_CONSTANT_CONVERSION = YES;
				CLANG_WARN_DIRECT_OBJC_ISA_USAGE = YES_ERROR;
				CLANG_WARN_DOCUMENTATION_COMMENTS = YES;
				CLANG_WARN_EMPTY_BODY = YES;
				CLANG_WARN_ENUM_CONVERSION = YES;
				CLANG_WARN_INFINITE_RECURSION = YES;
				CLANG_WARN_INT_CONVERSION = YES;
				CLANG_WARN_OBJC_ROOT_CLASS = YES_ERROR;
				CLANG_WARN_SUSPICIOUS_MOVE = YES;
				CLANG_WARN_UNREACHABLE_CODE = YES;
				CLANG_WARN__DUPLICATE_METHOD_MATCH = YES;
				"CODE_SIGN_IDENTITY[sdk=iphoneos*]" = "iPhone Developer";
				COPY_PHASE_STRIP = NO;
				DEBUG_INFORMATION_FORMAT = dwarf;
				ENABLE_STRICT_OBJC_MSGSEND = YES;
				ENABLE_TESTABILITY = YES;
				GCC_C_LANGUAGE_STANDARD = gnu99;
				GCC_DYNAMIC_NO_PIC = NO;
				GCC_NO_COMMON_BLOCKS = YES;
				GCC_OPTIMIZATION_LEVEL = 0;
				GCC_PREPROCESSOR_DEFINITIONS = (
					"DEBUG=1",
					"$(inherited)",
				);
				GCC_WARN_64_TO_32_BIT_CONVERSION = YES;
				GCC_WARN_ABOUT_RETURN_TYPE = YES_ERROR;
				GCC_WARN_UNDECLARED_SELECTOR = YES;
				GCC_WARN_UNINITIALIZED_AUTOS = YES_AGGRESSIVE;
				GCC_WARN_UNUSED_FUNCTION = YES;
				GCC_WARN_UNUSED_VARIABLE = YES;
				IPHONEOS_DEPLOYMENT_TARGET = 10.3;
				MTL_ENABLE_DEBUG_INFO = YES;
				ONLY_ACTIVE_ARCH = YES;
				SDKROOT = iphoneos;
			};
			name = Debug;
		};
		11C941F81E978508005C6A7B /* Release */ = {
			isa = XCBuildConfiguration;
			buildSettings = {
				ALWAYS_SEARCH_USER_PATHS = NO;
				CLANG_ANALYZER_NONNULL = YES;
				CLANG_ANALYZER_NUMBER_OBJECT_CONVERSION = YES_AGGRESSIVE;
				CLANG_CXX_LANGUAGE_STANDARD = "gnu++0x";
				CLANG_CXX_LIBRARY = "libc++";
				CLANG_ENABLE_MODULES = YES;
				CLANG_ENABLE_OBJC_ARC = YES;
				CLANG_WARN_BOOL_CONVERSION = YES;
				CLANG_WARN_CONSTANT_CONVERSION = YES;
				CLANG_WARN_DIRECT_OBJC_ISA_USAGE = YES_ERROR;
				CLANG_WARN_DOCUMENTATION_COMMENTS = YES;
				CLANG_WARN_EMPTY_BODY = YES;
				CLANG_WARN_ENUM_CONVERSION = YES;
				CLANG_WARN_INFINITE_RECURSION = YES;
				CLANG_WARN_INT_CONVERSION = YES;
				CLANG_WARN_OBJC_ROOT_CLASS = YES_ERROR;
				CLANG_WARN_SUSPICIOUS_MOVE = YES;
				CLANG_WARN_UNREACHABLE_CODE = YES;
				CLANG_WARN__DUPLICATE_METHOD_MATCH = YES;
				"CODE_SIGN_IDENTITY[sdk=iphoneos*]" = "iPhone Developer";
				COPY_PHASE_STRIP = NO;
				DEBUG_INFORMATION_FORMAT = "dwarf-with-dsym";
				ENABLE_NS_ASSERTIONS = NO;
				ENABLE_STRICT_OBJC_MSGSEND = YES;
				GCC_C_LANGUAGE_STANDARD = gnu99;
				GCC_NO_COMMON_BLOCKS = YES;
				GCC_WARN_64_TO_32_BIT_CONVERSION = YES;
				GCC_WARN_ABOUT_RETURN_TYPE = YES_ERROR;
				GCC_WARN_UNDECLARED_SELECTOR = YES;
				GCC_WARN_UNINITIALIZED_AUTOS = YES_AGGRESSIVE;
				GCC_WARN_UNUSED_FUNCTION = YES;
				GCC_WARN_UNUSED_VARIABLE = YES;
				IPHONEOS_DEPLOYMENT_TARGET = 10.3;
				MTL_ENABLE_DEBUG_INFO = NO;
				SDKROOT = iphoneos;
				VALIDATE_PRODUCT = YES;
			};
			name = Release;
		};
		11C941FA1E978508005C6A7B /* Debug */ = {
			isa = XCBuildConfiguration;
			buildSettings = {
				ASSETCATALOG_COMPILER_APPICON_NAME = AppIcon;
				DEVELOPMENT_TEAM = 6VBE2N88LJ;
				INFOPLIST_FILE = YBCircleScrollView/Info.plist;
				IPHONEOS_DEPLOYMENT_TARGET = 9.0;
				LD_RUNPATH_SEARCH_PATHS = "$(inherited) @executable_path/Frameworks";
				PRODUCT_BUNDLE_IDENTIFIER = com.iezview.YBCircleScrollView;
				PRODUCT_NAME = "$(TARGET_NAME)";
			};
			name = Debug;
		};
		11C941FB1E978508005C6A7B /* Release */ = {
			isa = XCBuildConfiguration;
			buildSettings = {
				ASSETCATALOG_COMPILER_APPICON_NAME = AppIcon;
				DEVELOPMENT_TEAM = 6VBE2N88LJ;
				INFOPLIST_FILE = YBCircleScrollView/Info.plist;
				IPHONEOS_DEPLOYMENT_TARGET = 9.0;
				LD_RUNPATH_SEARCH_PATHS = "$(inherited) @executable_path/Frameworks";
				PRODUCT_BUNDLE_IDENTIFIER = com.iezview.YBCircleScrollView;
				PRODUCT_NAME = "$(TARGET_NAME)";
			};
			name = Release;
		};
		11C941FD1E978508005C6A7B /* Debug */ = {
			isa = XCBuildConfiguration;
			buildSettings = {
				BUNDLE_LOADER = "$(TEST_HOST)";
				DEVELOPMENT_TEAM = 6VBE2N88LJ;
				INFOPLIST_FILE = YBCircleScrollViewTests/Info.plist;
				LD_RUNPATH_SEARCH_PATHS = "$(inherited) @executable_path/Frameworks @loader_path/Frameworks";
				PRODUCT_BUNDLE_IDENTIFIER = com.iezview.YBCircleScrollViewTests;
				PRODUCT_NAME = "$(TARGET_NAME)";
				TEST_HOST = "$(BUILT_PRODUCTS_DIR)/YBCircleScrollView.app/YBCircleScrollView";
			};
			name = Debug;
		};
		11C941FE1E978508005C6A7B /* Release */ = {
			isa = XCBuildConfiguration;
			buildSettings = {
				BUNDLE_LOADER = "$(TEST_HOST)";
				DEVELOPMENT_TEAM = 6VBE2N88LJ;
				INFOPLIST_FILE = YBCircleScrollViewTests/Info.plist;
				LD_RUNPATH_SEARCH_PATHS = "$(inherited) @executable_path/Frameworks @loader_path/Frameworks";
				PRODUCT_BUNDLE_IDENTIFIER = com.iezview.YBCircleScrollViewTests;
				PRODUCT_NAME = "$(TARGET_NAME)";
				TEST_HOST = "$(BUILT_PRODUCTS_DIR)/YBCircleScrollView.app/YBCircleScrollView";
			};
			name = Release;
		};
		11C942001E978508005C6A7B /* Debug */ = {
			isa = XCBuildConfiguration;
			buildSettings = {
				DEVELOPMENT_TEAM = 6VBE2N88LJ;
				INFOPLIST_FILE = YBCircleScrollViewUITests/Info.plist;
				LD_RUNPATH_SEARCH_PATHS = "$(inherited) @executable_path/Frameworks @loader_path/Frameworks";
				PRODUCT_BUNDLE_IDENTIFIER = com.iezview.YBCircleScrollViewUITests;
				PRODUCT_NAME = "$(TARGET_NAME)";
				TEST_TARGET_NAME = YBCircleScrollView;
			};
			name = Debug;
		};
		11C942011E978508005C6A7B /* Release */ = {
			isa = XCBuildConfiguration;
			buildSettings = {
				DEVELOPMENT_TEAM = 6VBE2N88LJ;
				INFOPLIST_FILE = YBCircleScrollViewUITests/Info.plist;
				LD_RUNPATH_SEARCH_PATHS = "$(inherited) @executable_path/Frameworks @loader_path/Frameworks";
				PRODUCT_BUNDLE_IDENTIFIER = com.iezview.YBCircleScrollViewUITests;
				PRODUCT_NAME = "$(TARGET_NAME)";
				TEST_TARGET_NAME = YBCircleScrollView;
			};
			name = Release;
		};
/* End XCBuildConfiguration section */

/* Begin XCConfigurationList section */
		11C941C71E978508005C6A7B /* Build configuration list for PBXProject "YBCircleScrollView" */ = {
			isa = XCConfigurationList;
			buildConfigurations = (
				11C941F71E978508005C6A7B /* Debug */,
				11C941F81E978508005C6A7B /* Release */,
			);
			defaultConfigurationIsVisible = 0;
			defaultConfigurationName = Release;
		};
		11C941F91E978508005C6A7B /* Build configuration list for PBXNativeTarget "YBCircleScrollView" */ = {
			isa = XCConfigurationList;
			buildConfigurations = (
				11C941FA1E978508005C6A7B /* Debug */,
				11C941FB1E978508005C6A7B /* Release */,
			);
			defaultConfigurationIsVisible = 0;
			defaultConfigurationName = Release;
		};
		11C941FC1E978508005C6A7B /* Build configuration list for PBXNativeTarget "YBCircleScrollViewTests" */ = {
			isa = XCConfigurationList;
			buildConfigurations = (
				11C941FD1E978508005C6A7B /* Debug */,
				11C941FE1E978508005C6A7B /* Release */,
			);
			defaultConfigurationIsVisible = 0;
			defaultConfigurationName = Release;
		};
		11C941FF1E978508005C6A7B /* Build configuration list for PBXNativeTarget "YBCircleScrollViewUITests" */ = {
			isa = XCConfigurationList;
			buildConfigurations = (
				11C942001E978508005C6A7B /* Debug */,
				11C942011E978508005C6A7B /* Release */,
			);
			defaultConfigurationIsVisible = 0;
			defaultConfigurationName = Release;
		};
/* End XCConfigurationList section */
	};
	rootObject = 11C941C41E978508005C6A7B /* Project object */;
}
